
Microsoft Visual Studio Solution File, Format Version 12.00
# Visual Studio Version 16
VisualStudioVersion = 16.0.31702.278
MinimumVisualStudioVersion = 10.0.40219.1
Project("{FAE04EC0-301F-11D3-BF4B-00C04F79EFBC}") = "PrimeiraAplicacao", "PrimeiraAplicacao\PrimeiraAplicacao.csproj", "{AAF530AE-80C2-4143-A302-BD3CD11A7432}"
EndProject
Global
	GlobalSection(SolutionConfigurationPlatforms) = preSolution
		Debug|Any CPU = Debug|Any CPU
		Release|Any CPU = Release|Any CPU
	EndGlobalSection
	GlobalSection(ProjectConfigurationPlatforms) = postSolution
		{AAF530AE-80C2-4143-A302-BD3CD11A7432}.Debug|Any CPU.ActiveCfg = Debug|Any CPU
		{AAF530AE-80C2-4143-A302-BD3CD11A7432}.Debug|Any CPU.Build.0 = Debug|Any CPU
		{AAF530AE-80C2-4143-A302-BD3CD11A7432}.Release|Any CPU.ActiveCfg = Release|Any CPU
		{AAF530AE-80C2-4143-A302-BD3CD11A7432}.Release|Any CPU.Build.0 = Release|Any CPU
	EndGlobalSection
	GlobalSection(SolutionProperties) = preSolution
		HideSolutionNode = FALSE
	EndGlobalSection
	GlobalSection(ExtensibilityGlobals) = postSolution
		SolutionGuid = {7399C409-1FE5-4BAD-AF11-02E8BFBF2721}
	EndGlobalSection
EndGlobal
