
Microsoft Visual Studio Solution File, Format Version 12.00
# Visual Studio Version 16
VisualStudioVersion = 16.0.31702.278
MinimumVisualStudioVersion = 10.0.40219.1
Project("{FAE04EC0-301F-11D3-BF4B-00C04F79EFBC}") = "Revisao", "Revisao\Revisao.csproj", "{C6369629-292D-48CA-8806-998785289BE0}"
EndProject
Global
	GlobalSection(SolutionConfigurationPlatforms) = preSolution
		Debug|Any CPU = Debug|Any CPU
		Release|Any CPU = Release|Any CPU
	EndGlobalSection
	GlobalSection(ProjectConfigurationPlatforms) = postSolution
		{C6369629-292D-48CA-8806-998785289BE0}.Debug|Any CPU.ActiveCfg = Debug|Any CPU
		{C6369629-292D-48CA-8806-998785289BE0}.Debug|Any CPU.Build.0 = Debug|Any CPU
		{C6369629-292D-48CA-8806-998785289BE0}.Release|Any CPU.ActiveCfg = Release|Any CPU
		{C6369629-292D-48CA-8806-998785289BE0}.Release|Any CPU.Build.0 = Release|Any CPU
	EndGlobalSection
	GlobalSection(SolutionProperties) = preSolution
		HideSolutionNode = FALSE
	EndGlobalSection
	GlobalSection(ExtensibilityGlobals) = postSolution
		SolutionGuid = {96D5E898-59D9-428F-9154-7A05D57C6715}
	EndGlobalSection
EndGlobal
