
Microsoft Visual Studio Solution File, Format Version 12.00
# Visual Studio Version 16
VisualStudioVersion = 16.0.31702.278
MinimumVisualStudioVersion = 10.0.40219.1
Project("{FAE04EC0-301F-11D3-BF4B-00C04F79EFBC}") = "Instrucoes", "Instrucoes\Instrucoes.csproj", "{9577975F-C0CD-42DD-B988-DC4AA596BF5D}"
EndProject
Global
	GlobalSection(SolutionConfigurationPlatforms) = preSolution
		Debug|Any CPU = Debug|Any CPU
		Release|Any CPU = Release|Any CPU
	EndGlobalSection
	GlobalSection(ProjectConfigurationPlatforms) = postSolution
		{9577975F-C0CD-42DD-B988-DC4AA596BF5D}.Debug|Any CPU.ActiveCfg = Debug|Any CPU
		{9577975F-C0CD-42DD-B988-DC4AA596BF5D}.Debug|Any CPU.Build.0 = Debug|Any CPU
		{9577975F-C0CD-42DD-B988-DC4AA596BF5D}.Release|Any CPU.ActiveCfg = Release|Any CPU
		{9577975F-C0CD-42DD-B988-DC4AA596BF5D}.Release|Any CPU.Build.0 = Release|Any CPU
	EndGlobalSection
	GlobalSection(SolutionProperties) = preSolution
		HideSolutionNode = FALSE
	EndGlobalSection
	GlobalSection(ExtensibilityGlobals) = postSolution
		SolutionGuid = {2C96499B-9B7F-4069-B3BA-1057A38DDBBB}
	EndGlobalSection
EndGlobal
